
Microsoft Visual Studio Solution File, Format Version 12.00
# Visual Studio Version 17
VisualStudioVersion = 17.9.34728.123
MinimumVisualStudioVersion = 10.0.40219.1
Project("{9A19103F-16F7-4668-BE54-9A1E7A4F7556}") = "PRN222.Ass2.EVDealerSys", "PRN222.Ass2.EVDealerSys\PRN222.Ass2.EVDealerSys.csproj", "{ACF988C0-6475-4F15-BEBF-14EDB8427D2B}"
EndProject
Project("{9A19103F-16F7-4668-BE54-9A1E7A4F7556}") = "PRN222.Ass2.EVDealerSys.BusinessObjects", "PRN222.Ass2.EVDealerSys.BusinessObjects\PRN222.Ass2.EVDealerSys.BusinessObjects.csproj", "{B80B71A3-C674-4B7F-8E10-941298B81832}"
EndProject
Project("{9A19103F-16F7-4668-BE54-9A1E7A4F7556}") = "PRN222.Ass2.EVDealerSys.BLL", "PRN222.Ass2.EVDealerSys.BLL\PRN222.Ass2.EVDealerSys.BLL.csproj", "{A6F7FFBA-EEC6-4627-B1B1-4298DCDD0147}"
EndProject
Project("{9A19103F-16F7-4668-BE54-9A1E7A4F7556}") = "PRN222.Ass2.EVDealerSys.DAL", "PRN222.Ass2.EVDealerSys.DAL\PRN222.Ass2.EVDealerSys.DAL.csproj", "{642F64AF-E0E7-4188-BBC2-7817BEA30847}"
EndProject
Global
	GlobalSection(SolutionConfigurationPlatforms) = preSolution
		Debug|Any CPU = Debug|Any CPU
		Release|Any CPU = Release|Any CPU
	EndGlobalSection
	GlobalSection(ProjectConfigurationPlatforms) = postSolution
		{ACF988C0-6475-4F15-BEBF-14EDB8427D2B}.Debug|Any CPU.ActiveCfg = Debug|Any CPU
		{ACF988C0-6475-4F15-BEBF-14EDB8427D2B}.Debug|Any CPU.Build.0 = Debug|Any CPU
		{ACF988C0-6475-4F15-BEBF-14EDB8427D2B}.Release|Any CPU.ActiveCfg = Release|Any CPU
		{ACF988C0-6475-4F15-BEBF-14EDB8427D2B}.Release|Any CPU.Build.0 = Release|Any CPU
		{B80B71A3-C674-4B7F-8E10-941298B81832}.Debug|Any CPU.ActiveCfg = Debug|Any CPU
		{B80B71A3-C674-4B7F-8E10-941298B81832}.Debug|Any CPU.Build.0 = Debug|Any CPU
		{B80B71A3-C674-4B7F-8E10-941298B81832}.Release|Any CPU.ActiveCfg = Release|Any CPU
		{B80B71A3-C674-4B7F-8E10-941298B81832}.Release|Any CPU.Build.0 = Release|Any CPU
		{A6F7FFBA-EEC6-4627-B1B1-4298DCDD0147}.Debug|Any CPU.ActiveCfg = Debug|Any CPU
		{A6F7FFBA-EEC6-4627-B1B1-4298DCDD0147}.Debug|Any CPU.Build.0 = Debug|Any CPU
		{A6F7FFBA-EEC6-4627-B1B1-4298DCDD0147}.Release|Any CPU.ActiveCfg = Release|Any CPU
		{A6F7FFBA-EEC6-4627-B1B1-4298DCDD0147}.Release|Any CPU.Build.0 = Release|Any CPU
		{642F64AF-E0E7-4188-BBC2-7817BEA30847}.Debug|Any CPU.ActiveCfg = Debug|Any CPU
		{642F64AF-E0E7-4188-BBC2-7817BEA30847}.Debug|Any CPU.Build.0 = Debug|Any CPU
		{642F64AF-E0E7-4188-BBC2-7817BEA30847}.Release|Any CPU.ActiveCfg = Release|Any CPU
		{642F64AF-E0E7-4188-BBC2-7817BEA30847}.Release|Any CPU.Build.0 = Release|Any CPU
	EndGlobalSection
	GlobalSection(SolutionProperties) = preSolution
		HideSolutionNode = FALSE
	EndGlobalSection
	GlobalSection(ExtensibilityGlobals) = postSolution
		SolutionGuid = {49C8436D-60D4-4173-87BF-3118EA73EAAB}
	EndGlobalSection
EndGlobal
